
Microsoft Visual Studio Solution File, Format Version 12.00
# Visual Studio Version 16
VisualStudioVersion = 16.0.30413.136
MinimumVisualStudioVersion = 10.0.40219.1
Project("{FAE04EC0-301F-11D3-BF4B-00C04F79EFBC}") = "DoubleBuffering", "DoubleBuffering\DoubleBuffering.csproj", "{84B00B25-5240-43AB-9DB0-D0E5CC06C362}"
EndProject
Global
	GlobalSection(SolutionConfigurationPlatforms) = preSolution
		Debug|Any CPU = Debug|Any CPU
		Release|Any CPU = Release|Any CPU
	EndGlobalSection
	GlobalSection(ProjectConfigurationPlatforms) = postSolution
		{84B00B25-5240-43AB-9DB0-D0E5CC06C362}.Debug|Any CPU.ActiveCfg = Debug|Any CPU
		{84B00B25-5240-43AB-9DB0-D0E5CC06C362}.Debug|Any CPU.Build.0 = Debug|Any CPU
		{84B00B25-5240-43AB-9DB0-D0E5CC06C362}.Release|Any CPU.ActiveCfg = Release|Any CPU
		{84B00B25-5240-43AB-9DB0-D0E5CC06C362}.Release|Any CPU.Build.0 = Release|Any CPU
	EndGlobalSection
	GlobalSection(SolutionProperties) = preSolution
		HideSolutionNode = FALSE
	EndGlobalSection
	GlobalSection(ExtensibilityGlobals) = postSolution
		SolutionGuid = {3F036689-37AD-459E-B40E-5A28C21E905A}
	EndGlobalSection
EndGlobal
